
Microsoft Visual Studio Solution File, Format Version 12.00
# Visual Studio Version 17
VisualStudioVersion = 17.14.36109.1 d17.14
MinimumVisualStudioVersion = 10.0.40219.1
Project("{FAE04EC0-301F-11D3-BF4B-00C04F79EFBC}") = "bag096", "bag096\bag096.csproj", "{A122FB6E-595C-404D-8427-31DD7C98A24E}"
EndProject
Global
	GlobalSection(SolutionConfigurationPlatforms) = preSolution
		Debug|Any CPU = Debug|Any CPU
		Release|Any CPU = Release|Any CPU
	EndGlobalSection
	GlobalSection(ProjectConfigurationPlatforms) = postSolution
		{A122FB6E-595C-404D-8427-31DD7C98A24E}.Debug|Any CPU.ActiveCfg = Debug|Any CPU
		{A122FB6E-595C-404D-8427-31DD7C98A24E}.Debug|Any CPU.Build.0 = Debug|Any CPU
		{A122FB6E-595C-404D-8427-31DD7C98A24E}.Release|Any CPU.ActiveCfg = Release|Any CPU
		{A122FB6E-595C-404D-8427-31DD7C98A24E}.Release|Any CPU.Build.0 = Release|Any CPU
	EndGlobalSection
	GlobalSection(SolutionProperties) = preSolution
		HideSolutionNode = FALSE
	EndGlobalSection
	GlobalSection(ExtensibilityGlobals) = postSolution
		SolutionGuid = {9FD666EC-FA2A-4530-8D24-6E1DC0DB36F0}
	EndGlobalSection
EndGlobal
